
Microsoft Visual Studio Solution File, Format Version 12.00
# Visual Studio 2013
VisualStudioVersion = 12.0.40629.0
MinimumVisualStudioVersion = 10.0.40219.1
Project("{FAE04EC0-301F-11D3-BF4B-00C04F79EFBC}") = "DbHelper", "DbHelper\DbHelper.csproj", "{60896DF7-6928-4594-B5C7-7B548A6BD744}"
EndProject
Project("{FAE04EC0-301F-11D3-BF4B-00C04F79EFBC}") = "MultiConsole", "MultiConsole\MultiConsole.csproj", "{A0FC0984-E7B9-4E61-8281-81F3C8876703}"
EndProject
Project("{FAE04EC0-301F-11D3-BF4B-00C04F79EFBC}") = "dll", "dll\dll.csproj", "{46FAA4BB-CC11-4333-BD85-0DABEB6D018A}"
EndProject
Project("{FAE04EC0-301F-11D3-BF4B-00C04F79EFBC}") = "MultiWebHelper", "MultiWeb\MultiWebHelper.csproj", "{FDD94091-41AB-40FA-A1CF-BC04AF163E0F}"
EndProject
Global
	GlobalSection(TeamFoundationVersionControl) = preSolution
		SccNumberOfProjects = 5
		SccEnterpriseProvider = {4CA58AB2-18FA-4F8D-95D4-32DDF27D184C}
		SccTeamFoundationServer = https://yigedandandenanren.visualstudio.com/defaultcollection
		SccLocalPath0 = .
		SccProjectUniqueName1 = DbHelper\\DbHelper.csproj
		SccProjectName1 = DbHelper
		SccLocalPath1 = DbHelper
		SccProjectUniqueName2 = MultiConsole\\MultiConsole.csproj
		SccProjectName2 = MultiConsole
		SccLocalPath2 = MultiConsole
		SccProjectUniqueName3 = dll\\dll.csproj
		SccProjectName3 = dll
		SccLocalPath3 = dll
		SccProjectUniqueName4 = MultiWeb\\MultiWebHelper.csproj
		SccProjectName4 = MultiWeb
		SccLocalPath4 = MultiWeb
	EndGlobalSection
	GlobalSection(SolutionConfigurationPlatforms) = preSolution
		Debug|Any CPU = Debug|Any CPU
		Release|Any CPU = Release|Any CPU
	EndGlobalSection
	GlobalSection(ProjectConfigurationPlatforms) = postSolution
		{60896DF7-6928-4594-B5C7-7B548A6BD744}.Debug|Any CPU.ActiveCfg = Debug|Any CPU
		{60896DF7-6928-4594-B5C7-7B548A6BD744}.Debug|Any CPU.Build.0 = Debug|Any CPU
		{60896DF7-6928-4594-B5C7-7B548A6BD744}.Release|Any CPU.ActiveCfg = Release|Any CPU
		{60896DF7-6928-4594-B5C7-7B548A6BD744}.Release|Any CPU.Build.0 = Release|Any CPU
		{A0FC0984-E7B9-4E61-8281-81F3C8876703}.Debug|Any CPU.ActiveCfg = Debug|Any CPU
		{A0FC0984-E7B9-4E61-8281-81F3C8876703}.Debug|Any CPU.Build.0 = Debug|Any CPU
		{A0FC0984-E7B9-4E61-8281-81F3C8876703}.Release|Any CPU.ActiveCfg = Release|Any CPU
		{A0FC0984-E7B9-4E61-8281-81F3C8876703}.Release|Any CPU.Build.0 = Release|Any CPU
		{46FAA4BB-CC11-4333-BD85-0DABEB6D018A}.Debug|Any CPU.ActiveCfg = Debug|Any CPU
		{46FAA4BB-CC11-4333-BD85-0DABEB6D018A}.Debug|Any CPU.Build.0 = Debug|Any CPU
		{46FAA4BB-CC11-4333-BD85-0DABEB6D018A}.Release|Any CPU.ActiveCfg = Release|Any CPU
		{46FAA4BB-CC11-4333-BD85-0DABEB6D018A}.Release|Any CPU.Build.0 = Release|Any CPU
		{FDD94091-41AB-40FA-A1CF-BC04AF163E0F}.Debug|Any CPU.ActiveCfg = Debug|Any CPU
		{FDD94091-41AB-40FA-A1CF-BC04AF163E0F}.Debug|Any CPU.Build.0 = Debug|Any CPU
		{FDD94091-41AB-40FA-A1CF-BC04AF163E0F}.Release|Any CPU.ActiveCfg = Release|Any CPU
		{FDD94091-41AB-40FA-A1CF-BC04AF163E0F}.Release|Any CPU.Build.0 = Release|Any CPU
	EndGlobalSection
	GlobalSection(SolutionProperties) = preSolution
		HideSolutionNode = FALSE
	EndGlobalSection
EndGlobal
